{
  "name": "proovra",
  "version": "1.0.0",
  "lockfileVersion": 3,
  "requires": true,
  "packages": {
    "": {
      "name": "proovra",
      "version": "1.0.0",
      "license": "ISC",
      "dependencies": {
        "zod": "^4.3.6"
      },
      "devDependencies": {
        "@types/node": "^25.5.2"
      }
    },
    "node_modules/.pnpm/@types+node@25.5.2": {
      "dev": true
    },
    "node_modules/.pnpm/@types+node@25.5.2/node_modules/@types/node": {
      "version": "25.5.2",
      "dev": true,
      "license": "MIT",
      "dependencies": {
        "undici-types": "~7.18.0"
      }
    },
    "node_modules/.pnpm/@types+node@25.5.2/node_modules/undici-types": {
      "resolved": "node_modules/.pnpm/undici-types@7.18.2/node_modules/undici-types",
      "link": true
    },
    "node_modules/.pnpm/undici-types@7.18.2/node_modules/undici-types": {
      "version": "7.18.2",
      "dev": true,
      "license": "MIT"
    },
    "node_modules/@types/node": {
      "resolved": "node_modules/.pnpm/@types+node@25.5.2/node_modules/@types/node",
      "link": true
    },
    "node_modules/zod": {
      "version": "4.3.6",
      "resolved": "https://registry.npmjs.org/zod/-/zod-4.3.6.tgz",
      "integrity": "sha512-rftlrkhHZOcjDwkGlnUtZZkvaPHCsDATp4pGpuOOMDaTdDDXF91wuVDJoWoPsKX/3YPQ5fHuF3STjcYyKr+Qhg==",
      "license": "MIT",
      "funding": {
        "url": "https://github.com/sponsors/colinhacks"
      }
    }
  }
}
